
Microsoft Visual Studio Solution File, Format Version 12.00
# Visual Studio Version 16
VisualStudioVersion = 16.0.29905.134
MinimumVisualStudioVersion = 10.0.40219.1
Project("{8BC9CEB8-8B4A-11D0-8D11-00A0C91BC942}") = "Sandbox", "Sandbox\Sandbox.vcxproj", "{A2F50C54-4ADC-4309-95DC-3ED071E65619}"
EndProject
Project("{8BC9CEB8-8B4A-11D0-8D11-00A0C91BC942}") = "GroovyEngine", "GroovyEngine\GroovyEngine.vcxproj", "{73EFC1C4-05EF-45B0-89F4-F957DC3CBC37}"
EndProject
Global
	GlobalSection(SolutionConfigurationPlatforms) = preSolution
		Debug|x64 = Debug|x64
		Release|x64 = Release|x64
	EndGlobalSection
	GlobalSection(ProjectConfigurationPlatforms) = postSolution
		{73EFC1C4-05EF-45B0-89F4-F957DC3CBC37}.Debug|x64.ActiveCfg = Debug|x64
		{73EFC1C4-05EF-45B0-89F4-F957DC3CBC37}.Debug|x64.Build.0 = Debug|x64
		{73EFC1C4-05EF-45B0-89F4-F957DC3CBC37}.Release|x64.ActiveCfg = Release|x64
		{73EFC1C4-05EF-45B0-89F4-F957DC3CBC37}.Release|x64.Build.0 = Release|x64
		{A2F50C54-4ADC-4309-95DC-3ED071E65619}.Debug|x64.ActiveCfg = Debug|x64
		{A2F50C54-4ADC-4309-95DC-3ED071E65619}.Debug|x64.Build.0 = Debug|x64
		{A2F50C54-4ADC-4309-95DC-3ED071E65619}.Release|x64.ActiveCfg = Release|x64
		{A2F50C54-4ADC-4309-95DC-3ED071E65619}.Release|x64.Build.0 = Release|x64
	EndGlobalSection
	GlobalSection(SolutionProperties) = preSolution
		HideSolutionNode = FALSE
	EndGlobalSection
	GlobalSection(ExtensibilityGlobals) = postSolution
		SolutionGuid = {5A5CD647-8554-4D5F-BE40-347FC261F2ED}
	EndGlobalSection
EndGlobal
