<?xml version="1.0" encoding="utf-8"?>
<Project ToolsVersion="4.0" xmlns="http://schemas.microsoft.com/developer/msbuild/2003">
  <ItemGroup>
    <Filter Include="Groovy">
      <UniqueIdentifier>{CBF8CAB5-B79A-F58B-A055-09E08C967CDC}</UniqueIdentifier>
    </Filter>
    <Filter Include="Groovy\Events">
      <UniqueIdentifier>{4F726DF8-BB32-E92E-846D-32ACF0EC2D0B}</UniqueIdentifier>
    </Filter>
    <Filter Include="Platform">
      <UniqueIdentifier>{2AC788B4-1694-E3BF-3FAD-D1672BD9184E}</UniqueIdentifier>
    </Filter>
  </ItemGroup>
  <ItemGroup>
    <ClInclude Include="src\Groovy\Application.h">
      <Filter>Groovy</Filter>
    </ClInclude>
    <ClInclude Include="src\Groovy\Core.h">
      <Filter>Groovy</Filter>
    </ClInclude>
    <ClInclude Include="src\Groovy\EntryPoint.h">
      <Filter>Groovy</Filter>
    </ClInclude>
    <ClInclude Include="src\Groovy\Events\ApplicationEvent.h">
      <Filter>Groovy\Events</Filter>
    </ClInclude>
    <ClInclude Include="src\Groovy\Events\Event.h">
      <Filter>Groovy\Events</Filter>
    </ClInclude>
    <ClInclude Include="src\Groovy\Events\KeyEvent.h">
      <Filter>Groovy\Events</Filter>
    </ClInclude>
    <ClInclude Include="src\Groovy\Events\MouseEvent.h">
      <Filter>Groovy\Events</Filter>
    </ClInclude>
    <ClInclude Include="src\Groovy\Layer.h">
      <Filter>Groovy</Filter>
    </ClInclude>
    <ClInclude Include="src\Groovy\LayerStack.h">
      <Filter>Groovy</Filter>
    </ClInclude>
    <ClInclude Include="src\Groovy\Log.h">
      <Filter>Groovy</Filter>
    </ClInclude>
    <ClInclude Include="src\Groovy\Window.h">
      <Filter>Groovy</Filter>
    </ClInclude>
    <ClInclude Include="src\GroovyEngine.h" />
    <ClInclude Include="src\Platform\WindowsWindow.h">
      <Filter>Platform</Filter>
    </ClInclude>
    <ClInclude Include="src\gepch.h" />
  </ItemGroup>
  <ItemGroup>
    <ClCompile Include="src\Groovy\Application.cpp">
      <Filter>Groovy</Filter>
    </ClCompile>
    <ClCompile Include="src\Groovy\Layer.cpp">
      <Filter>Groovy</Filter>
    </ClCompile>
    <ClCompile Include="src\Groovy\LayerStack.cpp">
      <Filter>Groovy</Filter>
    </ClCompile>
    <ClCompile Include="src\Groovy\Log.cpp">
      <Filter>Groovy</Filter>
    </ClCompile>
    <ClCompile Include="src\Platform\WindowsWindow.cpp">
      <Filter>Platform</Filter>
    </ClCompile>
    <ClCompile Include="src\gepch.cpp" />
  </ItemGroup>
</Project>